
Microsoft Visual Studio Solution File, Format Version 12.00
# Visual Studio Version 17
VisualStudioVersion = 17.9.34728.123
MinimumVisualStudioVersion = 10.0.40219.1
Project("{FAE04EC0-301F-11D3-BF4B-00C04F79EFBC}") = "Hoteles", "Hoteles\Hoteles.csproj", "{2DC84DF3-A849-4301-BC9A-D1D497E4B1B1}"
EndProject
Global
	GlobalSection(SolutionConfigurationPlatforms) = preSolution
		Debug|Any CPU = Debug|Any CPU
		Release|Any CPU = Release|Any CPU
	EndGlobalSection
	GlobalSection(ProjectConfigurationPlatforms) = postSolution
		{2DC84DF3-A849-4301-BC9A-D1D497E4B1B1}.Debug|Any CPU.ActiveCfg = Debug|Any CPU
		{2DC84DF3-A849-4301-BC9A-D1D497E4B1B1}.Debug|Any CPU.Build.0 = Debug|Any CPU
		{2DC84DF3-A849-4301-BC9A-D1D497E4B1B1}.Release|Any CPU.ActiveCfg = Release|Any CPU
		{2DC84DF3-A849-4301-BC9A-D1D497E4B1B1}.Release|Any CPU.Build.0 = Release|Any CPU
	EndGlobalSection
	GlobalSection(SolutionProperties) = preSolution
		HideSolutionNode = FALSE
	EndGlobalSection
	GlobalSection(ExtensibilityGlobals) = postSolution
		SolutionGuid = {01D88660-3DD9-4BF7-ACB8-4697109E35CD}
	EndGlobalSection
EndGlobal
